
Microsoft Visual Studio Solution File, Format Version 12.00
# Visual Studio Version 17
VisualStudioVersion = 17.8.34316.72
MinimumVisualStudioVersion = 10.0.40219.1
Project("{FAE04EC0-301F-11D3-BF4B-00C04F79EFBC}") = "Image upload", "Image upload\Image upload.csproj", "{308E0A34-A12B-4409-BFC6-0D6C3817919F}"
EndProject
Global
	GlobalSection(SolutionConfigurationPlatforms) = preSolution
		Debug|Any CPU = Debug|Any CPU
		Release|Any CPU = Release|Any CPU
	EndGlobalSection
	GlobalSection(ProjectConfigurationPlatforms) = postSolution
		{308E0A34-A12B-4409-BFC6-0D6C3817919F}.Debug|Any CPU.ActiveCfg = Debug|Any CPU
		{308E0A34-A12B-4409-BFC6-0D6C3817919F}.Debug|Any CPU.Build.0 = Debug|Any CPU
		{308E0A34-A12B-4409-BFC6-0D6C3817919F}.Release|Any CPU.ActiveCfg = Release|Any CPU
		{308E0A34-A12B-4409-BFC6-0D6C3817919F}.Release|Any CPU.Build.0 = Release|Any CPU
	EndGlobalSection
	GlobalSection(SolutionProperties) = preSolution
		HideSolutionNode = FALSE
	EndGlobalSection
	GlobalSection(ExtensibilityGlobals) = postSolution
		SolutionGuid = {B3819790-8E77-4716-835A-7B65D41B0948}
	EndGlobalSection
EndGlobal
